{
  "name": "lilhash-worker",
  "version": "1.0.0",
  "lockfileVersion": 2,
  "requires": true,
  "packages": {
    "": {
      "name": "lilhash-worker",
      "version": "1.0.0",
      "license": "MIT",
      "dependencies": {
        "itty-router": "^2.4.4"
      },
      "devDependencies": {
        "prettier": "^1.18.2"
      }
    },
    "node_modules/itty-router": {
      "version": "2.4.4",
      "resolved": "https://registry.npmjs.org/itty-router/-/itty-router-2.4.4.tgz",
      "integrity": "sha512-mp5i47ZotK94FHondKJTZn/0dBAFzFpZpiHWn+aCgr/sg9cIVzt1gvLCKsXMkcHgKejb9GdhqvOfh7VYJJlQoQ=="
    },
    "node_modules/prettier": {
      "version": "1.19.1",
      "resolved": "https://registry.npmjs.org/prettier/-/prettier-1.19.1.tgz",
      "integrity": "sha512-s7PoyDv/II1ObgQunCbB9PdLmUcBZcnWOcxDh7O0N/UwDEsHyqkW+Qh28jW+mVuCdx7gLB0BotYI1Y6uI9iyew==",
      "dev": true,
      "bin": {
        "prettier": "bin-prettier.js"
      },
      "engines": {
        "node": ">=4"
      }
    }
  },
  "dependencies": {
    "itty-router": {
      "version": "2.4.4",
      "resolved": "https://registry.npmjs.org/itty-router/-/itty-router-2.4.4.tgz",
      "integrity": "sha512-mp5i47ZotK94FHondKJTZn/0dBAFzFpZpiHWn+aCgr/sg9cIVzt1gvLCKsXMkcHgKejb9GdhqvOfh7VYJJlQoQ=="
    },
    "prettier": {
      "version": "1.19.1",
      "resolved": "https://registry.npmjs.org/prettier/-/prettier-1.19.1.tgz",
      "integrity": "sha512-s7PoyDv/II1ObgQunCbB9PdLmUcBZcnWOcxDh7O0N/UwDEsHyqkW+Qh28jW+mVuCdx7gLB0BotYI1Y6uI9iyew==",
      "dev": true
    }
  }
}
